// !$*UTF8*$!
{
	archiveVersion = 1;
	classes = {
	};
	objectVersion = 56;
	objects = {

/* Begin PBXBuildFile section */
		6907E2D62A8A8B0A00740270 /* ColorManager.swift in Sources */ = {isa = PBXBuildFile; fileRef = 6907E2D52A8A8B0A00740270 /* ColorManager.swift */; };
		6907E2E32A8C489A00740270 /* FontManager.swift in Sources */ = {isa = PBXBuildFile; fileRef = 6907E2E22A8C489A00740270 /* FontManager.swift */; };
		697C18002A84775000B1FD00 /* act6_kakaoBankApp.swift in Sources */ = {isa = PBXBuildFile; fileRef = 697C17FF2A84775000B1FD00 /* act6_kakaoBankApp.swift */; };
		697C18022A84775000B1FD00 /* ContentView.swift in Sources */ = {isa = PBXBuildFile; fileRef = 697C18012A84775000B1FD00 /* ContentView.swift */; };
		697C18042A84775100B1FD00 /* Assets.xcassets in Resources */ = {isa = PBXBuildFile; fileRef = 697C18032A84775100B1FD00 /* Assets.xcassets */; };
		697C18072A84775100B1FD00 /* Preview Assets.xcassets in Resources */ = {isa = PBXBuildFile; fileRef = 697C18062A84775100B1FD00 /* Preview Assets.xcassets */; };
		697C18102A85E23000B1FD00 /* BannerArea.swift in Sources */ = {isa = PBXBuildFile; fileRef = 697C180F2A85E23000B1FD00 /* BannerArea.swift */; };
		697C18122A85E23800B1FD00 /* MainView.swift in Sources */ = {isa = PBXBuildFile; fileRef = 697C18112A85E23800B1FD00 /* MainView.swift */; };
		697C18142A85E24400B1FD00 /* HeaderArea.swift in Sources */ = {isa = PBXBuildFile; fileRef = 697C18132A85E24400B1FD00 /* HeaderArea.swift */; };
		697C18172A85E28A00B1FD00 /* User.swift in Sources */ = {isa = PBXBuildFile; fileRef = 697C18162A85E28A00B1FD00 /* User.swift */; };
		697C18192A85E29400B1FD00 /* Account.swift in Sources */ = {isa = PBXBuildFile; fileRef = 697C18182A85E29400B1FD00 /* Account.swift */; };
		697C181B2A85E2AC00B1FD00 /* Transaction.swift in Sources */ = {isa = PBXBuildFile; fileRef = 697C181A2A85E2AC00B1FD00 /* Transaction.swift */; };
		69A6B0A02A8E2199008A317B /* BottomOptionArea.swift in Sources */ = {isa = PBXBuildFile; fileRef = 69A6B09F2A8E2199008A317B /* BottomOptionArea.swift */; };
		69A6B0A22A8E239C008A317B /* PlusPassBookArea.swift in Sources */ = {isa = PBXBuildFile; fileRef = 69A6B0A12A8E239C008A317B /* PlusPassBookArea.swift */; };
		69CE310F2A8DC18F0071D577 /* act6-kakaoBank-Info.plist in Resources */ = {isa = PBXBuildFile; fileRef = 6907E2E12A8C480A00740270 /* act6-kakaoBank-Info.plist */; };
		69CE31102A8DC1DF0071D577 /* Pretendard-Black.otf in Resources */ = {isa = PBXBuildFile; fileRef = 6907E2DD2A8C47E200740270 /* Pretendard-Black.otf */; };
		69CE31112A8DC1E30071D577 /* Pretendard-Bold.otf in Resources */ = {isa = PBXBuildFile; fileRef = 6907E2DC2A8C47E200740270 /* Pretendard-Bold.otf */; };
		69CE31122A8DC1E70071D577 /* Pretendard-ExtraBold.otf in Resources */ = {isa = PBXBuildFile; fileRef = 6907E2D92A8C47E200740270 /* Pretendard-ExtraBold.otf */; };
		69CE31132A8DC1E90071D577 /* Pretendard-ExtraLight.otf in Resources */ = {isa = PBXBuildFile; fileRef = 6907E2DB2A8C47E200740270 /* Pretendard-ExtraLight.otf */; };
		69CE31142A8DC1EC0071D577 /* Pretendard-Light.otf in Resources */ = {isa = PBXBuildFile; fileRef = 6907E2D82A8C47E200740270 /* Pretendard-Light.otf */; };
		69CE31152A8DC1EE0071D577 /* Pretendard-Medium.otf in Resources */ = {isa = PBXBuildFile; fileRef = 6907E2DA2A8C47E200740270 /* Pretendard-Medium.otf */; };
		69CE31162A8DC1F20071D577 /* Pretendard-SemiBold.otf in Resources */ = {isa = PBXBuildFile; fileRef = 6907E2DF2A8C47E300740270 /* Pretendard-SemiBold.otf */; };
		69CE31172A8DC1F20071D577 /* Pretendard-Thin.otf in Resources */ = {isa = PBXBuildFile; fileRef = 6907E2E02A8C47E300740270 /* Pretendard-Thin.otf */; };
		69CE31182A8DC1F20071D577 /* Pretendard-Regular.otf in Resources */ = {isa = PBXBuildFile; fileRef = 6907E2DE2A8C47E200740270 /* Pretendard-Regular.otf */; };
		69CE311A2A8DC2D00071D577 /* PassBookArea.swift in Sources */ = {isa = PBXBuildFile; fileRef = 69CE31192A8DC2D00071D577 /* PassBookArea.swift */; };
/* End PBXBuildFile section */

/* Begin PBXFileReference section */
		6907E2D52A8A8B0A00740270 /* ColorManager.swift */ = {isa = PBXFileReference; lastKnownFileType = sourcecode.swift; path = ColorManager.swift; sourceTree = "<group>"; };
		6907E2D82A8C47E200740270 /* Pretendard-Light.otf */ = {isa = PBXFileReference; lastKnownFileType = file; path = "Pretendard-Light.otf"; sourceTree = "<group>"; };
		6907E2D92A8C47E200740270 /* Pretendard-ExtraBold.otf */ = {isa = PBXFileReference; lastKnownFileType = file; path = "Pretendard-ExtraBold.otf"; sourceTree = "<group>"; };
		6907E2DA2A8C47E200740270 /* Pretendard-Medium.otf */ = {isa = PBXFileReference; lastKnownFileType = file; path = "Pretendard-Medium.otf"; sourceTree = "<group>"; };
		6907E2DB2A8C47E200740270 /* Pretendard-ExtraLight.otf */ = {isa = PBXFileReference; lastKnownFileType = file; path = "Pretendard-ExtraLight.otf"; sourceTree = "<group>"; };
		6907E2DC2A8C47E200740270 /* Pretendard-Bold.otf */ = {isa = PBXFileReference; lastKnownFileType = file; path = "Pretendard-Bold.otf"; sourceTree = "<group>"; };
		6907E2DD2A8C47E200740270 /* Pretendard-Black.otf */ = {isa = PBXFileReference; lastKnownFileType = file; path = "Pretendard-Black.otf"; sourceTree = "<group>"; };
		6907E2DE2A8C47E200740270 /* Pretendard-Regular.otf */ = {isa = PBXFileReference; lastKnownFileType = file; path = "Pretendard-Regular.otf"; sourceTree = "<group>"; };
		6907E2DF2A8C47E300740270 /* Pretendard-SemiBold.otf */ = {isa = PBXFileReference; lastKnownFileType = file; path = "Pretendard-SemiBold.otf"; sourceTree = "<group>"; };
		6907E2E02A8C47E300740270 /* Pretendard-Thin.otf */ = {isa = PBXFileReference; lastKnownFileType = file; path = "Pretendard-Thin.otf"; sourceTree = "<group>"; };
		6907E2E12A8C480A00740270 /* act6-kakaoBank-Info.plist */ = {isa = PBXFileReference; lastKnownFileType = text.plist; path = "act6-kakaoBank-Info.plist"; sourceTree = SOURCE_ROOT; };
		6907E2E22A8C489A00740270 /* FontManager.swift */ = {isa = PBXFileReference; lastKnownFileType = sourcecode.swift; path = FontManager.swift; sourceTree = "<group>"; };
		697C17FC2A84775000B1FD00 /* act6_kakaoBank.app */ = {isa = PBXFileReference; explicitFileType = wrapper.application; includeInIndex = 0; path = act6_kakaoBank.app; sourceTree = BUILT_PRODUCTS_DIR; };
		697C17FF2A84775000B1FD00 /* act6_kakaoBankApp.swift */ = {isa = PBXFileReference; lastKnownFileType = sourcecode.swift; path = act6_kakaoBankApp.swift; sourceTree = "<group>"; };
		697C18012A84775000B1FD00 /* ContentView.swift */ = {isa = PBXFileReference; lastKnownFileType = sourcecode.swift; path = ContentView.swift; sourceTree = "<group>"; };
		697C18032A84775100B1FD00 /* Assets.xcassets */ = {isa = PBXFileReference; lastKnownFileType = folder.assetcatalog; path = Assets.xcassets; sourceTree = "<group>"; };
		697C18062A84775100B1FD00 /* Preview Assets.xcassets */ = {isa = PBXFileReference; lastKnownFileType = folder.assetcatalog; path = "Preview Assets.xcassets"; sourceTree = "<group>"; };
		697C180F2A85E23000B1FD00 /* BannerArea.swift */ = {isa = PBXFileReference; lastKnownFileType = sourcecode.swift; path = BannerArea.swift; sourceTree = "<group>"; };
		697C18112A85E23800B1FD00 /* MainView.swift */ = {isa = PBXFileReference; lastKnownFileType = sourcecode.swift; path = MainView.swift; sourceTree = "<group>"; };
		697C18132A85E24400B1FD00 /* HeaderArea.swift */ = {isa = PBXFileReference; lastKnownFileType = sourcecode.swift; path = HeaderArea.swift; sourceTree = "<group>"; };
		697C18162A85E28A00B1FD00 /* User.swift */ = {isa = PBXFileReference; lastKnownFileType = sourcecode.swift; path = User.swift; sourceTree = "<group>"; };
		697C18182A85E29400B1FD00 /* Account.swift */ = {isa = PBXFileReference; lastKnownFileType = sourcecode.swift; path = Account.swift; sourceTree = "<group>"; };
		697C181A2A85E2AC00B1FD00 /* Transaction.swift */ = {isa = PBXFileReference; lastKnownFileType = sourcecode.swift; path = Transaction.swift; sourceTree = "<group>"; };
		69A6B09F2A8E2199008A317B /* BottomOptionArea.swift */ = {isa = PBXFileReference; lastKnownFileType = sourcecode.swift; path = BottomOptionArea.swift; sourceTree = "<group>"; };
		69A6B0A12A8E239C008A317B /* PlusPassBookArea.swift */ = {isa = PBXFileReference; lastKnownFileType = sourcecode.swift; path = PlusPassBookArea.swift; sourceTree = "<group>"; };
		69CE31192A8DC2D00071D577 /* PassBookArea.swift */ = {isa = PBXFileReference; lastKnownFileType = sourcecode.swift; path = PassBookArea.swift; sourceTree = "<group>"; };
/* End PBXFileReference section */

/* Begin PBXFrameworksBuildPhase section */
		697C17F92A84775000B1FD00 /* Frameworks */ = {
			isa = PBXFrameworksBuildPhase;
			buildActionMask = 2147483647;
			files = (
			);
			runOnlyForDeploymentPostprocessing = 0;
		};
/* End PBXFrameworksBuildPhase section */

/* Begin PBXGroup section */
		6907E2D42A8A8AC700740270 /* Resources */ = {
			isa = PBXGroup;
			children = (
				6907E2D72A8C476000740270 /* Fonts */,
				697C18032A84775100B1FD00 /* Assets.xcassets */,
				6907E2D52A8A8B0A00740270 /* ColorManager.swift */,
			);
			path = Resources;
			sourceTree = "<group>";
		};
		6907E2D72A8C476000740270 /* Fonts */ = {
			isa = PBXGroup;
			children = (
				6907E2DD2A8C47E200740270 /* Pretendard-Black.otf */,
				6907E2DC2A8C47E200740270 /* Pretendard-Bold.otf */,
				6907E2D92A8C47E200740270 /* Pretendard-ExtraBold.otf */,
				6907E2DB2A8C47E200740270 /* Pretendard-ExtraLight.otf */,
				6907E2D82A8C47E200740270 /* Pretendard-Light.otf */,
				6907E2DA2A8C47E200740270 /* Pretendard-Medium.otf */,
				6907E2DE2A8C47E200740270 /* Pretendard-Regular.otf */,
				6907E2DF2A8C47E300740270 /* Pretendard-SemiBold.otf */,
				6907E2E02A8C47E300740270 /* Pretendard-Thin.otf */,
				6907E2E22A8C489A00740270 /* FontManager.swift */,
			);
			path = Fonts;
			sourceTree = "<group>";
		};
		697C17F32A84775000B1FD00 = {
			isa = PBXGroup;
			children = (
				697C17FE2A84775000B1FD00 /* act6_kakaoBank */,
				697C17FD2A84775000B1FD00 /* Products */,
			);
			sourceTree = "<group>";
		};
		697C17FD2A84775000B1FD00 /* Products */ = {
			isa = PBXGroup;
			children = (
				697C17FC2A84775000B1FD00 /* act6_kakaoBank.app */,
			);
			name = Products;
			sourceTree = "<group>";
		};
		697C17FE2A84775000B1FD00 /* act6_kakaoBank */ = {
			isa = PBXGroup;
			children = (
				6907E2E12A8C480A00740270 /* act6-kakaoBank-Info.plist */,
				697C180D2A85E20000B1FD00 /* Views */,
				697C18152A85E25F00B1FD00 /* Models */,
				6907E2D42A8A8AC700740270 /* Resources */,
				697C17FF2A84775000B1FD00 /* act6_kakaoBankApp.swift */,
				697C18052A84775100B1FD00 /* Preview Content */,
			);
			path = act6_kakaoBank;
			sourceTree = "<group>";
		};
		697C18052A84775100B1FD00 /* Preview Content */ = {
			isa = PBXGroup;
			children = (
				697C18062A84775100B1FD00 /* Preview Assets.xcassets */,
			);
			path = "Preview Content";
			sourceTree = "<group>";
		};
		697C180D2A85E20000B1FD00 /* Views */ = {
			isa = PBXGroup;
			children = (
				69CE311B2A8DC2D50071D577 /* MainView */,
				697C180E2A85E21800B1FD00 /* Components */,
				697C18012A84775000B1FD00 /* ContentView.swift */,
			);
			path = Views;
			sourceTree = "<group>";
		};
		697C180E2A85E21800B1FD00 /* Components */ = {
			isa = PBXGroup;
			children = (
			);
			path = Components;
			sourceTree = "<group>";
		};
		697C18152A85E25F00B1FD00 /* Models */ = {
			isa = PBXGroup;
			children = (
				697C18162A85E28A00B1FD00 /* User.swift */,
				697C18182A85E29400B1FD00 /* Account.swift */,
				697C181A2A85E2AC00B1FD00 /* Transaction.swift */,
			);
			path = Models;
			sourceTree = "<group>";
		};
		69CE311B2A8DC2D50071D577 /* MainView */ = {
			isa = PBXGroup;
			children = (
				697C18112A85E23800B1FD00 /* MainView.swift */,
				697C18132A85E24400B1FD00 /* HeaderArea.swift */,
				697C180F2A85E23000B1FD00 /* BannerArea.swift */,
				69CE31192A8DC2D00071D577 /* PassBookArea.swift */,
				69A6B0A12A8E239C008A317B /* PlusPassBookArea.swift */,
				69A6B09F2A8E2199008A317B /* BottomOptionArea.swift */,
			);
			path = MainView;
			sourceTree = "<group>";
		};
/* End PBXGroup section */

/* Begin PBXNativeTarget section */
		697C17FB2A84775000B1FD00 /* act6_kakaoBank */ = {
			isa = PBXNativeTarget;
			buildConfigurationList = 697C180A2A84775100B1FD00 /* Build configuration list for PBXNativeTarget "act6_kakaoBank" */;
			buildPhases = (
				697C17F82A84775000B1FD00 /* Sources */,
				697C17F92A84775000B1FD00 /* Frameworks */,
				697C17FA2A84775000B1FD00 /* Resources */,
			);
			buildRules = (
			);
			dependencies = (
			);
			name = act6_kakaoBank;
			productName = act6_kakaoBank;
			productReference = 697C17FC2A84775000B1FD00 /* act6_kakaoBank.app */;
			productType = "com.apple.product-type.application";
		};
/* End PBXNativeTarget section */

/* Begin PBXProject section */
		697C17F42A84775000B1FD00 /* Project object */ = {
			isa = PBXProject;
			attributes = {
				BuildIndependentTargetsInParallel = 1;
				LastSwiftUpdateCheck = 1430;
				LastUpgradeCheck = 1430;
				TargetAttributes = {
					697C17FB2A84775000B1FD00 = {
						CreatedOnToolsVersion = 14.3;
					};
				};
			};
			buildConfigurationList = 697C17F72A84775000B1FD00 /* Build configuration list for PBXProject "act6_kakaoBank" */;
			compatibilityVersion = "Xcode 14.0";
			developmentRegion = en;
			hasScannedForEncodings = 0;
			knownRegions = (
				en,
				Base,
			);
			mainGroup = 697C17F32A84775000B1FD00;
			productRefGroup = 697C17FD2A84775000B1FD00 /* Products */;
			projectDirPath = "";
			projectRoot = "";
			targets = (
				697C17FB2A84775000B1FD00 /* act6_kakaoBank */,
			);
		};
/* End PBXProject section */

/* Begin PBXResourcesBuildPhase section */
		697C17FA2A84775000B1FD00 /* Resources */ = {
			isa = PBXResourcesBuildPhase;
			buildActionMask = 2147483647;
			files = (
				69CE31132A8DC1E90071D577 /* Pretendard-ExtraLight.otf in Resources */,
				69CE31182A8DC1F20071D577 /* Pretendard-Regular.otf in Resources */,
				69CE31142A8DC1EC0071D577 /* Pretendard-Light.otf in Resources */,
				697C18072A84775100B1FD00 /* Preview Assets.xcassets in Resources */,
				69CE31112A8DC1E30071D577 /* Pretendard-Bold.otf in Resources */,
				69CE31122A8DC1E70071D577 /* Pretendard-ExtraBold.otf in Resources */,
				697C18042A84775100B1FD00 /* Assets.xcassets in Resources */,
				69CE31102A8DC1DF0071D577 /* Pretendard-Black.otf in Resources */,
				69CE31162A8DC1F20071D577 /* Pretendard-SemiBold.otf in Resources */,
				69CE310F2A8DC18F0071D577 /* act6-kakaoBank-Info.plist in Resources */,
				69CE31172A8DC1F20071D577 /* Pretendard-Thin.otf in Resources */,
				69CE31152A8DC1EE0071D577 /* Pretendard-Medium.otf in Resources */,
			);
			runOnlyForDeploymentPostprocessing = 0;
		};
/* End PBXResourcesBuildPhase section */

/* Begin PBXSourcesBuildPhase section */
		697C17F82A84775000B1FD00 /* Sources */ = {
			isa = PBXSourcesBuildPhase;
			buildActionMask = 2147483647;
			files = (
				6907E2E32A8C489A00740270 /* FontManager.swift in Sources */,
				697C18142A85E24400B1FD00 /* HeaderArea.swift in Sources */,
				697C18102A85E23000B1FD00 /* BannerArea.swift in Sources */,
				69CE311A2A8DC2D00071D577 /* PassBookArea.swift in Sources */,
				697C181B2A85E2AC00B1FD00 /* Transaction.swift in Sources */,
				69A6B0A22A8E239C008A317B /* PlusPassBookArea.swift in Sources */,
				697C18172A85E28A00B1FD00 /* User.swift in Sources */,
				697C18122A85E23800B1FD00 /* MainView.swift in Sources */,
				697C18022A84775000B1FD00 /* ContentView.swift in Sources */,
				69A6B0A02A8E2199008A317B /* BottomOptionArea.swift in Sources */,
				6907E2D62A8A8B0A00740270 /* ColorManager.swift in Sources */,
				697C18002A84775000B1FD00 /* act6_kakaoBankApp.swift in Sources */,
				697C18192A85E29400B1FD00 /* Account.swift in Sources */,
			);
			runOnlyForDeploymentPostprocessing = 0;
		};
/* End PBXSourcesBuildPhase section */

/* Begin XCBuildConfiguration section */
		697C18082A84775100B1FD00 /* Debug */ = {
			isa = XCBuildConfiguration;
			buildSettings = {
				ALWAYS_SEARCH_USER_PATHS = NO;
				CLANG_ANALYZER_NONNULL = YES;
				CLANG_ANALYZER_NUMBER_OBJECT_CONVERSION = YES_AGGRESSIVE;
				CLANG_CXX_LANGUAGE_STANDARD = "gnu++20";
				CLANG_ENABLE_MODULES = YES;
				CLANG_ENABLE_OBJC_ARC = YES;
				CLANG_ENABLE_OBJC_WEAK = YES;
				CLANG_WARN_BLOCK_CAPTURE_AUTORELEASING = YES;
				CLANG_WARN_BOOL_CONVERSION = YES;
				CLANG_WARN_COMMA = YES;
				CLANG_WARN_CONSTANT_CONVERSION = YES;
				CLANG_WARN_DEPRECATED_OBJC_IMPLEMENTATIONS = YES;
				CLANG_WARN_DIRECT_OBJC_ISA_USAGE = YES_ERROR;
				CLANG_WARN_DOCUMENTATION_COMMENTS = YES;
				CLANG_WARN_EMPTY_BODY = YES;
				CLANG_WARN_ENUM_CONVERSION = YES;
				CLANG_WARN_INFINITE_RECURSION = YES;
				CLANG_WARN_INT_CONVERSION = YES;
				CLANG_WARN_NON_LITERAL_NULL_CONVERSION = YES;
				CLANG_WARN_OBJC_IMPLICIT_RETAIN_SELF = YES;
				CLANG_WARN_OBJC_LITERAL_CONVERSION = YES;
				CLANG_WARN_OBJC_ROOT_CLASS = YES_ERROR;
				CLANG_WARN_QUOTED_INCLUDE_IN_FRAMEWORK_HEADER = YES;
				CLANG_WARN_RANGE_LOOP_ANALYSIS = YES;
				CLANG_WARN_STRICT_PROTOTYPES = YES;
				CLANG_WARN_SUSPICIOUS_MOVE = YES;
				CLANG_WARN_UNGUARDED_AVAILABILITY = YES_AGGRESSIVE;
				CLANG_WARN_UNREACHABLE_CODE = YES;
				CLANG_WARN__DUPLICATE_METHOD_MATCH = YES;
				COPY_PHASE_STRIP = NO;
				DEBUG_INFORMATION_FORMAT = dwarf;
				ENABLE_STRICT_OBJC_MSGSEND = YES;
				ENABLE_TESTABILITY = YES;
				GCC_C_LANGUAGE_STANDARD = gnu11;
				GCC_DYNAMIC_NO_PIC = NO;
				GCC_NO_COMMON_BLOCKS = YES;
				GCC_OPTIMIZATION_LEVEL = 0;
				GCC_PREPROCESSOR_DEFINITIONS = (
					"DEBUG=1",
					"$(inherited)",
				);
				GCC_WARN_64_TO_32_BIT_CONVERSION = YES;
				GCC_WARN_ABOUT_RETURN_TYPE = YES_ERROR;
				GCC_WARN_UNDECLARED_SELECTOR = YES;
				GCC_WARN_UNINITIALIZED_AUTOS = YES_AGGRESSIVE;
				GCC_WARN_UNUSED_FUNCTION = YES;
				GCC_WARN_UNUSED_VARIABLE = YES;
				IPHONEOS_DEPLOYMENT_TARGET = 16.4;
				MTL_ENABLE_DEBUG_INFO = INCLUDE_SOURCE;
				MTL_FAST_MATH = YES;
				ONLY_ACTIVE_ARCH = YES;
				SDKROOT = iphoneos;
				SWIFT_ACTIVE_COMPILATION_CONDITIONS = DEBUG;
				SWIFT_OPTIMIZATION_LEVEL = "-Onone";
			};
			name = Debug;
		};
		697C18092A84775100B1FD00 /* Release */ = {
			isa = XCBuildConfiguration;
			buildSettings = {
				ALWAYS_SEARCH_USER_PATHS = NO;
				CLANG_ANALYZER_NONNULL = YES;
				CLANG_ANALYZER_NUMBER_OBJECT_CONVERSION = YES_AGGRESSIVE;
				CLANG_CXX_LANGUAGE_STANDARD = "gnu++20";
				CLANG_ENABLE_MODULES = YES;
				CLANG_ENABLE_OBJC_ARC = YES;
				CLANG_ENABLE_OBJC_WEAK = YES;
				CLANG_WARN_BLOCK_CAPTURE_AUTORELEASING = YES;
				CLANG_WARN_BOOL_CONVERSION = YES;
				CLANG_WARN_COMMA = YES;
				CLANG_WARN_CONSTANT_CONVERSION = YES;
				CLANG_WARN_DEPRECATED_OBJC_IMPLEMENTATIONS = YES;
				CLANG_WARN_DIRECT_OBJC_ISA_USAGE = YES_ERROR;
				CLANG_WARN_DOCUMENTATION_COMMENTS = YES;
				CLANG_WARN_EMPTY_BODY = YES;
				CLANG_WARN_ENUM_CONVERSION = YES;
				CLANG_WARN_INFINITE_RECURSION = YES;
				CLANG_WARN_INT_CONVERSION = YES;
				CLANG_WARN_NON_LITERAL_NULL_CONVERSION = YES;
				CLANG_WARN_OBJC_IMPLICIT_RETAIN_SELF = YES;
				CLANG_WARN_OBJC_LITERAL_CONVERSION = YES;
				CLANG_WARN_OBJC_ROOT_CLASS = YES_ERROR;
				CLANG_WARN_QUOTED_INCLUDE_IN_FRAMEWORK_HEADER = YES;
				CLANG_WARN_RANGE_LOOP_ANALYSIS = YES;
				CLANG_WARN_STRICT_PROTOTYPES = YES;
				CLANG_WARN_SUSPICIOUS_MOVE = YES;
				CLANG_WARN_UNGUARDED_AVAILABILITY = YES_AGGRESSIVE;
				CLANG_WARN_UNREACHABLE_CODE = YES;
				CLANG_WARN__DUPLICATE_METHOD_MATCH = YES;
				COPY_PHASE_STRIP = NO;
				DEBUG_INFORMATION_FORMAT = "dwarf-with-dsym";
				ENABLE_NS_ASSERTIONS = NO;
				ENABLE_STRICT_OBJC_MSGSEND = YES;
				GCC_C_LANGUAGE_STANDARD = gnu11;
				GCC_NO_COMMON_BLOCKS = YES;
				GCC_WARN_64_TO_32_BIT_CONVERSION = YES;
				GCC_WARN_ABOUT_RETURN_TYPE = YES_ERROR;
				GCC_WARN_UNDECLARED_SELECTOR = YES;
				GCC_WARN_UNINITIALIZED_AUTOS = YES_AGGRESSIVE;
				GCC_WARN_UNUSED_FUNCTION = YES;
				GCC_WARN_UNUSED_VARIABLE = YES;
				IPHONEOS_DEPLOYMENT_TARGET = 16.4;
				MTL_ENABLE_DEBUG_INFO = NO;
				MTL_FAST_MATH = YES;
				SDKROOT = iphoneos;
				SWIFT_COMPILATION_MODE = wholemodule;
				SWIFT_OPTIMIZATION_LEVEL = "-O";
				VALIDATE_PRODUCT = YES;
			};
			name = Release;
		};
		697C180B2A84775100B1FD00 /* Debug */ = {
			isa = XCBuildConfiguration;
			buildSettings = {
				ASSETCATALOG_COMPILER_APPICON_NAME = AppIcon;
				ASSETCATALOG_COMPILER_GLOBAL_ACCENT_COLOR_NAME = AccentColor;
				CODE_SIGN_STYLE = Automatic;
				CURRENT_PROJECT_VERSION = 1;
				DEVELOPMENT_ASSET_PATHS = "\"act6_kakaoBank/Preview Content\"";
				DEVELOPMENT_TEAM = RXP67AQN3R;
				ENABLE_PREVIEWS = YES;
				GENERATE_INFOPLIST_FILE = YES;
				INFOPLIST_FILE = "act6-kakaoBank-Info.plist";
				INFOPLIST_KEY_UIApplicationSceneManifest_Generation = YES;
				INFOPLIST_KEY_UIApplicationSupportsIndirectInputEvents = YES;
				INFOPLIST_KEY_UILaunchScreen_Generation = YES;
				INFOPLIST_KEY_UISupportedInterfaceOrientations_iPad = "UIInterfaceOrientationPortrait UIInterfaceOrientationPortraitUpsideDown UIInterfaceOrientationLandscapeLeft UIInterfaceOrientationLandscapeRight";
				INFOPLIST_KEY_UISupportedInterfaceOrientations_iPhone = "UIInterfaceOrientationPortrait UIInterfaceOrientationLandscapeLeft UIInterfaceOrientationLandscapeRight";
				LD_RUNPATH_SEARCH_PATHS = (
					"$(inherited)",
					"@executable_path/Frameworks",
				);
				MARKETING_VERSION = 1.0;
				PRODUCT_BUNDLE_IDENTIFIER = "com.jay.act6-kakaoBank";
				PRODUCT_NAME = "$(TARGET_NAME)";
				SWIFT_EMIT_LOC_STRINGS = YES;
				SWIFT_VERSION = 5.0;
				TARGETED_DEVICE_FAMILY = "1,2";
			};
			name = Debug;
		};
		697C180C2A84775100B1FD00 /* Release */ = {
			isa = XCBuildConfiguration;
			buildSettings = {
				ASSETCATALOG_COMPILER_APPICON_NAME = AppIcon;
				ASSETCATALOG_COMPILER_GLOBAL_ACCENT_COLOR_NAME = AccentColor;
				CODE_SIGN_STYLE = Automatic;
				CURRENT_PROJECT_VERSION = 1;
				DEVELOPMENT_ASSET_PATHS = "\"act6_kakaoBank/Preview Content\"";
				DEVELOPMENT_TEAM = RXP67AQN3R;
				ENABLE_PREVIEWS = YES;
				GENERATE_INFOPLIST_FILE = YES;
				INFOPLIST_FILE = "act6-kakaoBank-Info.plist";
				INFOPLIST_KEY_UIApplicationSceneManifest_Generation = YES;
				INFOPLIST_KEY_UIApplicationSupportsIndirectInputEvents = YES;
				INFOPLIST_KEY_UILaunchScreen_Generation = YES;
				INFOPLIST_KEY_UISupportedInterfaceOrientations_iPad = "UIInterfaceOrientationPortrait UIInterfaceOrientationPortraitUpsideDown UIInterfaceOrientationLandscapeLeft UIInterfaceOrientationLandscapeRight";
				INFOPLIST_KEY_UISupportedInterfaceOrientations_iPhone = "UIInterfaceOrientationPortrait UIInterfaceOrientationLandscapeLeft UIInterfaceOrientationLandscapeRight";
				LD_RUNPATH_SEARCH_PATHS = (
					"$(inherited)",
					"@executable_path/Frameworks",
				);
				MARKETING_VERSION = 1.0;
				PRODUCT_BUNDLE_IDENTIFIER = "com.jay.act6-kakaoBank";
				PRODUCT_NAME = "$(TARGET_NAME)";
				SWIFT_EMIT_LOC_STRINGS = YES;
				SWIFT_VERSION = 5.0;
				TARGETED_DEVICE_FAMILY = "1,2";
			};
			name = Release;
		};
/* End XCBuildConfiguration section */

/* Begin XCConfigurationList section */
		697C17F72A84775000B1FD00 /* Build configuration list for PBXProject "act6_kakaoBank" */ = {
			isa = XCConfigurationList;
			buildConfigurations = (
				697C18082A84775100B1FD00 /* Debug */,
				697C18092A84775100B1FD00 /* Release */,
			);
			defaultConfigurationIsVisible = 0;
			defaultConfigurationName = Release;
		};
		697C180A2A84775100B1FD00 /* Build configuration list for PBXNativeTarget "act6_kakaoBank" */ = {
			isa = XCConfigurationList;
			buildConfigurations = (
				697C180B2A84775100B1FD00 /* Debug */,
				697C180C2A84775100B1FD00 /* Release */,
			);
			defaultConfigurationIsVisible = 0;
			defaultConfigurationName = Release;
		};
/* End XCConfigurationList section */
	};
	rootObject = 697C17F42A84775000B1FD00 /* Project object */;
}
