// !$*UTF8*$!
{
	archiveVersion = 1;
	classes = {
	};
	objectVersion = 56;
	objects = {

/* Begin PBXBuildFile section */
		695A258E2A2C4DD300C4B819 /* Alarm.swift in Sources */ = {isa = PBXBuildFile; fileRef = 695A258D2A2C4DD300C4B819 /* Alarm.swift */; };
		695A25912A2C4E3200C4B819 /* AlarmSettingView.swift in Sources */ = {isa = PBXBuildFile; fileRef = 695A25902A2C4E3200C4B819 /* AlarmSettingView.swift */; };
		69E5EBF72A27877A00BF3145 /* act3App.swift in Sources */ = {isa = PBXBuildFile; fileRef = 69E5EBF62A27877A00BF3145 /* act3App.swift */; };
		69E5EBF92A27877A00BF3145 /* ContentView.swift in Sources */ = {isa = PBXBuildFile; fileRef = 69E5EBF82A27877A00BF3145 /* ContentView.swift */; };
		69E5EBFB2A27877B00BF3145 /* Assets.xcassets in Resources */ = {isa = PBXBuildFile; fileRef = 69E5EBFA2A27877B00BF3145 /* Assets.xcassets */; };
		69E5EBFE2A27877B00BF3145 /* Preview Assets.xcassets in Resources */ = {isa = PBXBuildFile; fileRef = 69E5EBFD2A27877B00BF3145 /* Preview Assets.xcassets */; };
		69E5EC082A27877C00BF3145 /* act3Tests.swift in Sources */ = {isa = PBXBuildFile; fileRef = 69E5EC072A27877C00BF3145 /* act3Tests.swift */; };
		69E5EC122A27877C00BF3145 /* act3UITests.swift in Sources */ = {isa = PBXBuildFile; fileRef = 69E5EC112A27877C00BF3145 /* act3UITests.swift */; };
		69E5EC142A27877C00BF3145 /* act3UITestsLaunchTests.swift in Sources */ = {isa = PBXBuildFile; fileRef = 69E5EC132A27877C00BF3145 /* act3UITestsLaunchTests.swift */; };
		69E5EC212A2789EE00BF3145 /* MainView.swift in Sources */ = {isa = PBXBuildFile; fileRef = 69E5EC202A2789EE00BF3145 /* MainView.swift */; };
/* End PBXBuildFile section */

/* Begin PBXContainerItemProxy section */
		69E5EC042A27877B00BF3145 /* PBXContainerItemProxy */ = {
			isa = PBXContainerItemProxy;
			containerPortal = 69E5EBEB2A27877A00BF3145 /* Project object */;
			proxyType = 1;
			remoteGlobalIDString = 69E5EBF22A27877A00BF3145;
			remoteInfo = act3;
		};
		69E5EC0E2A27877C00BF3145 /* PBXContainerItemProxy */ = {
			isa = PBXContainerItemProxy;
			containerPortal = 69E5EBEB2A27877A00BF3145 /* Project object */;
			proxyType = 1;
			remoteGlobalIDString = 69E5EBF22A27877A00BF3145;
			remoteInfo = act3;
		};
/* End PBXContainerItemProxy section */

/* Begin PBXFileReference section */
		695A258D2A2C4DD300C4B819 /* Alarm.swift */ = {isa = PBXFileReference; lastKnownFileType = sourcecode.swift; path = Alarm.swift; sourceTree = "<group>"; };
		695A25902A2C4E3200C4B819 /* AlarmSettingView.swift */ = {isa = PBXFileReference; lastKnownFileType = sourcecode.swift; path = AlarmSettingView.swift; sourceTree = "<group>"; };
		69E5EBF32A27877A00BF3145 /* act3.app */ = {isa = PBXFileReference; explicitFileType = wrapper.application; includeInIndex = 0; path = act3.app; sourceTree = BUILT_PRODUCTS_DIR; };
		69E5EBF62A27877A00BF3145 /* act3App.swift */ = {isa = PBXFileReference; lastKnownFileType = sourcecode.swift; path = act3App.swift; sourceTree = "<group>"; };
		69E5EBF82A27877A00BF3145 /* ContentView.swift */ = {isa = PBXFileReference; lastKnownFileType = sourcecode.swift; path = ContentView.swift; sourceTree = "<group>"; };
		69E5EBFA2A27877B00BF3145 /* Assets.xcassets */ = {isa = PBXFileReference; lastKnownFileType = folder.assetcatalog; path = Assets.xcassets; sourceTree = "<group>"; };
		69E5EBFD2A27877B00BF3145 /* Preview Assets.xcassets */ = {isa = PBXFileReference; lastKnownFileType = folder.assetcatalog; path = "Preview Assets.xcassets"; sourceTree = "<group>"; };
		69E5EC032A27877B00BF3145 /* act3Tests.xctest */ = {isa = PBXFileReference; explicitFileType = wrapper.cfbundle; includeInIndex = 0; path = act3Tests.xctest; sourceTree = BUILT_PRODUCTS_DIR; };
		69E5EC072A27877C00BF3145 /* act3Tests.swift */ = {isa = PBXFileReference; lastKnownFileType = sourcecode.swift; path = act3Tests.swift; sourceTree = "<group>"; };
		69E5EC0D2A27877C00BF3145 /* act3UITests.xctest */ = {isa = PBXFileReference; explicitFileType = wrapper.cfbundle; includeInIndex = 0; path = act3UITests.xctest; sourceTree = BUILT_PRODUCTS_DIR; };
		69E5EC112A27877C00BF3145 /* act3UITests.swift */ = {isa = PBXFileReference; lastKnownFileType = sourcecode.swift; path = act3UITests.swift; sourceTree = "<group>"; };
		69E5EC132A27877C00BF3145 /* act3UITestsLaunchTests.swift */ = {isa = PBXFileReference; lastKnownFileType = sourcecode.swift; path = act3UITestsLaunchTests.swift; sourceTree = "<group>"; };
		69E5EC202A2789EE00BF3145 /* MainView.swift */ = {isa = PBXFileReference; lastKnownFileType = sourcecode.swift; path = MainView.swift; sourceTree = "<group>"; };
/* End PBXFileReference section */

/* Begin PBXFrameworksBuildPhase section */
		69E5EBF02A27877A00BF3145 /* Frameworks */ = {
			isa = PBXFrameworksBuildPhase;
			buildActionMask = 2147483647;
			files = (
			);
			runOnlyForDeploymentPostprocessing = 0;
		};
		69E5EC002A27877B00BF3145 /* Frameworks */ = {
			isa = PBXFrameworksBuildPhase;
			buildActionMask = 2147483647;
			files = (
			);
			runOnlyForDeploymentPostprocessing = 0;
		};
		69E5EC0A2A27877C00BF3145 /* Frameworks */ = {
			isa = PBXFrameworksBuildPhase;
			buildActionMask = 2147483647;
			files = (
			);
			runOnlyForDeploymentPostprocessing = 0;
		};
/* End PBXFrameworksBuildPhase section */

/* Begin PBXGroup section */
		695A258C2A2C479700C4B819 /* Views */ = {
			isa = PBXGroup;
			children = (
				69E5EC202A2789EE00BF3145 /* MainView.swift */,
				69E5EBF82A27877A00BF3145 /* ContentView.swift */,
				695A25902A2C4E3200C4B819 /* AlarmSettingView.swift */,
			);
			path = Views;
			sourceTree = "<group>";
		};
		695A258F2A2C4DDD00C4B819 /* Models */ = {
			isa = PBXGroup;
			children = (
				695A258D2A2C4DD300C4B819 /* Alarm.swift */,
			);
			path = Models;
			sourceTree = "<group>";
		};
		69E5EBEA2A27877A00BF3145 = {
			isa = PBXGroup;
			children = (
				69E5EBF52A27877A00BF3145 /* act3 */,
				69E5EC062A27877B00BF3145 /* act3Tests */,
				69E5EC102A27877C00BF3145 /* act3UITests */,
				69E5EBF42A27877A00BF3145 /* Products */,
			);
			sourceTree = "<group>";
		};
		69E5EBF42A27877A00BF3145 /* Products */ = {
			isa = PBXGroup;
			children = (
				69E5EBF32A27877A00BF3145 /* act3.app */,
				69E5EC032A27877B00BF3145 /* act3Tests.xctest */,
				69E5EC0D2A27877C00BF3145 /* act3UITests.xctest */,
			);
			name = Products;
			sourceTree = "<group>";
		};
		69E5EBF52A27877A00BF3145 /* act3 */ = {
			isa = PBXGroup;
			children = (
				695A258F2A2C4DDD00C4B819 /* Models */,
				695A258C2A2C479700C4B819 /* Views */,
				69E5EBF62A27877A00BF3145 /* act3App.swift */,
				69E5EBFA2A27877B00BF3145 /* Assets.xcassets */,
				69E5EBFC2A27877B00BF3145 /* Preview Content */,
			);
			path = act3;
			sourceTree = "<group>";
		};
		69E5EBFC2A27877B00BF3145 /* Preview Content */ = {
			isa = PBXGroup;
			children = (
				69E5EBFD2A27877B00BF3145 /* Preview Assets.xcassets */,
			);
			path = "Preview Content";
			sourceTree = "<group>";
		};
		69E5EC062A27877B00BF3145 /* act3Tests */ = {
			isa = PBXGroup;
			children = (
				69E5EC072A27877C00BF3145 /* act3Tests.swift */,
			);
			path = act3Tests;
			sourceTree = "<group>";
		};
		69E5EC102A27877C00BF3145 /* act3UITests */ = {
			isa = PBXGroup;
			children = (
				69E5EC112A27877C00BF3145 /* act3UITests.swift */,
				69E5EC132A27877C00BF3145 /* act3UITestsLaunchTests.swift */,
			);
			path = act3UITests;
			sourceTree = "<group>";
		};
/* End PBXGroup section */

/* Begin PBXNativeTarget section */
		69E5EBF22A27877A00BF3145 /* act3 */ = {
			isa = PBXNativeTarget;
			buildConfigurationList = 69E5EC172A27877C00BF3145 /* Build configuration list for PBXNativeTarget "act3" */;
			buildPhases = (
				69E5EBEF2A27877A00BF3145 /* Sources */,
				69E5EBF02A27877A00BF3145 /* Frameworks */,
				69E5EBF12A27877A00BF3145 /* Resources */,
			);
			buildRules = (
			);
			dependencies = (
			);
			name = act3;
			productName = act3;
			productReference = 69E5EBF32A27877A00BF3145 /* act3.app */;
			productType = "com.apple.product-type.application";
		};
		69E5EC022A27877B00BF3145 /* act3Tests */ = {
			isa = PBXNativeTarget;
			buildConfigurationList = 69E5EC1A2A27877C00BF3145 /* Build configuration list for PBXNativeTarget "act3Tests" */;
			buildPhases = (
				69E5EBFF2A27877B00BF3145 /* Sources */,
				69E5EC002A27877B00BF3145 /* Frameworks */,
				69E5EC012A27877B00BF3145 /* Resources */,
			);
			buildRules = (
			);
			dependencies = (
				69E5EC052A27877B00BF3145 /* PBXTargetDependency */,
			);
			name = act3Tests;
			productName = act3Tests;
			productReference = 69E5EC032A27877B00BF3145 /* act3Tests.xctest */;
			productType = "com.apple.product-type.bundle.unit-test";
		};
		69E5EC0C2A27877C00BF3145 /* act3UITests */ = {
			isa = PBXNativeTarget;
			buildConfigurationList = 69E5EC1D2A27877C00BF3145 /* Build configuration list for PBXNativeTarget "act3UITests" */;
			buildPhases = (
				69E5EC092A27877C00BF3145 /* Sources */,
				69E5EC0A2A27877C00BF3145 /* Frameworks */,
				69E5EC0B2A27877C00BF3145 /* Resources */,
			);
			buildRules = (
			);
			dependencies = (
				69E5EC0F2A27877C00BF3145 /* PBXTargetDependency */,
			);
			name = act3UITests;
			productName = act3UITests;
			productReference = 69E5EC0D2A27877C00BF3145 /* act3UITests.xctest */;
			productType = "com.apple.product-type.bundle.ui-testing";
		};
/* End PBXNativeTarget section */

/* Begin PBXProject section */
		69E5EBEB2A27877A00BF3145 /* Project object */ = {
			isa = PBXProject;
			attributes = {
				BuildIndependentTargetsInParallel = 1;
				LastSwiftUpdateCheck = 1430;
				LastUpgradeCheck = 1430;
				TargetAttributes = {
					69E5EBF22A27877A00BF3145 = {
						CreatedOnToolsVersion = 14.3;
					};
					69E5EC022A27877B00BF3145 = {
						CreatedOnToolsVersion = 14.3;
						TestTargetID = 69E5EBF22A27877A00BF3145;
					};
					69E5EC0C2A27877C00BF3145 = {
						CreatedOnToolsVersion = 14.3;
						TestTargetID = 69E5EBF22A27877A00BF3145;
					};
				};
			};
			buildConfigurationList = 69E5EBEE2A27877A00BF3145 /* Build configuration list for PBXProject "act3" */;
			compatibilityVersion = "Xcode 14.0";
			developmentRegion = en;
			hasScannedForEncodings = 0;
			knownRegions = (
				en,
				Base,
			);
			mainGroup = 69E5EBEA2A27877A00BF3145;
			productRefGroup = 69E5EBF42A27877A00BF3145 /* Products */;
			projectDirPath = "";
			projectRoot = "";
			targets = (
				69E5EBF22A27877A00BF3145 /* act3 */,
				69E5EC022A27877B00BF3145 /* act3Tests */,
				69E5EC0C2A27877C00BF3145 /* act3UITests */,
			);
		};
/* End PBXProject section */

/* Begin PBXResourcesBuildPhase section */
		69E5EBF12A27877A00BF3145 /* Resources */ = {
			isa = PBXResourcesBuildPhase;
			buildActionMask = 2147483647;
			files = (
				69E5EBFE2A27877B00BF3145 /* Preview Assets.xcassets in Resources */,
				69E5EBFB2A27877B00BF3145 /* Assets.xcassets in Resources */,
			);
			runOnlyForDeploymentPostprocessing = 0;
		};
		69E5EC012A27877B00BF3145 /* Resources */ = {
			isa = PBXResourcesBuildPhase;
			buildActionMask = 2147483647;
			files = (
			);
			runOnlyForDeploymentPostprocessing = 0;
		};
		69E5EC0B2A27877C00BF3145 /* Resources */ = {
			isa = PBXResourcesBuildPhase;
			buildActionMask = 2147483647;
			files = (
			);
			runOnlyForDeploymentPostprocessing = 0;
		};
/* End PBXResourcesBuildPhase section */

/* Begin PBXSourcesBuildPhase section */
		69E5EBEF2A27877A00BF3145 /* Sources */ = {
			isa = PBXSourcesBuildPhase;
			buildActionMask = 2147483647;
			files = (
				69E5EBF92A27877A00BF3145 /* ContentView.swift in Sources */,
				69E5EC212A2789EE00BF3145 /* MainView.swift in Sources */,
				69E5EBF72A27877A00BF3145 /* act3App.swift in Sources */,
				695A258E2A2C4DD300C4B819 /* Alarm.swift in Sources */,
				695A25912A2C4E3200C4B819 /* AlarmSettingView.swift in Sources */,
			);
			runOnlyForDeploymentPostprocessing = 0;
		};
		69E5EBFF2A27877B00BF3145 /* Sources */ = {
			isa = PBXSourcesBuildPhase;
			buildActionMask = 2147483647;
			files = (
				69E5EC082A27877C00BF3145 /* act3Tests.swift in Sources */,
			);
			runOnlyForDeploymentPostprocessing = 0;
		};
		69E5EC092A27877C00BF3145 /* Sources */ = {
			isa = PBXSourcesBuildPhase;
			buildActionMask = 2147483647;
			files = (
				69E5EC122A27877C00BF3145 /* act3UITests.swift in Sources */,
				69E5EC142A27877C00BF3145 /* act3UITestsLaunchTests.swift in Sources */,
			);
			runOnlyForDeploymentPostprocessing = 0;
		};
/* End PBXSourcesBuildPhase section */

/* Begin PBXTargetDependency section */
		69E5EC052A27877B00BF3145 /* PBXTargetDependency */ = {
			isa = PBXTargetDependency;
			target = 69E5EBF22A27877A00BF3145 /* act3 */;
			targetProxy = 69E5EC042A27877B00BF3145 /* PBXContainerItemProxy */;
		};
		69E5EC0F2A27877C00BF3145 /* PBXTargetDependency */ = {
			isa = PBXTargetDependency;
			target = 69E5EBF22A27877A00BF3145 /* act3 */;
			targetProxy = 69E5EC0E2A27877C00BF3145 /* PBXContainerItemProxy */;
		};
/* End PBXTargetDependency section */

/* Begin XCBuildConfiguration section */
		69E5EC152A27877C00BF3145 /* Debug */ = {
			isa = XCBuildConfiguration;
			buildSettings = {
				ALWAYS_SEARCH_USER_PATHS = NO;
				CLANG_ANALYZER_NONNULL = YES;
				CLANG_ANALYZER_NUMBER_OBJECT_CONVERSION = YES_AGGRESSIVE;
				CLANG_CXX_LANGUAGE_STANDARD = "gnu++20";
				CLANG_ENABLE_MODULES = YES;
				CLANG_ENABLE_OBJC_ARC = YES;
				CLANG_ENABLE_OBJC_WEAK = YES;
				CLANG_WARN_BLOCK_CAPTURE_AUTORELEASING = YES;
				CLANG_WARN_BOOL_CONVERSION = YES;
				CLANG_WARN_COMMA = YES;
				CLANG_WARN_CONSTANT_CONVERSION = YES;
				CLANG_WARN_DEPRECATED_OBJC_IMPLEMENTATIONS = YES;
				CLANG_WARN_DIRECT_OBJC_ISA_USAGE = YES_ERROR;
				CLANG_WARN_DOCUMENTATION_COMMENTS = YES;
				CLANG_WARN_EMPTY_BODY = YES;
				CLANG_WARN_ENUM_CONVERSION = YES;
				CLANG_WARN_INFINITE_RECURSION = YES;
				CLANG_WARN_INT_CONVERSION = YES;
				CLANG_WARN_NON_LITERAL_NULL_CONVERSION = YES;
				CLANG_WARN_OBJC_IMPLICIT_RETAIN_SELF = YES;
				CLANG_WARN_OBJC_LITERAL_CONVERSION = YES;
				CLANG_WARN_OBJC_ROOT_CLASS = YES_ERROR;
				CLANG_WARN_QUOTED_INCLUDE_IN_FRAMEWORK_HEADER = YES;
				CLANG_WARN_RANGE_LOOP_ANALYSIS = YES;
				CLANG_WARN_STRICT_PROTOTYPES = YES;
				CLANG_WARN_SUSPICIOUS_MOVE = YES;
				CLANG_WARN_UNGUARDED_AVAILABILITY = YES_AGGRESSIVE;
				CLANG_WARN_UNREACHABLE_CODE = YES;
				CLANG_WARN__DUPLICATE_METHOD_MATCH = YES;
				COPY_PHASE_STRIP = NO;
				DEBUG_INFORMATION_FORMAT = dwarf;
				ENABLE_STRICT_OBJC_MSGSEND = YES;
				ENABLE_TESTABILITY = YES;
				GCC_C_LANGUAGE_STANDARD = gnu11;
				GCC_DYNAMIC_NO_PIC = NO;
				GCC_NO_COMMON_BLOCKS = YES;
				GCC_OPTIMIZATION_LEVEL = 0;
				GCC_PREPROCESSOR_DEFINITIONS = (
					"DEBUG=1",
					"$(inherited)",
				);
				GCC_WARN_64_TO_32_BIT_CONVERSION = YES;
				GCC_WARN_ABOUT_RETURN_TYPE = YES_ERROR;
				GCC_WARN_UNDECLARED_SELECTOR = YES;
				GCC_WARN_UNINITIALIZED_AUTOS = YES_AGGRESSIVE;
				GCC_WARN_UNUSED_FUNCTION = YES;
				GCC_WARN_UNUSED_VARIABLE = YES;
				IPHONEOS_DEPLOYMENT_TARGET = 16.4;
				MTL_ENABLE_DEBUG_INFO = INCLUDE_SOURCE;
				MTL_FAST_MATH = YES;
				ONLY_ACTIVE_ARCH = YES;
				SDKROOT = iphoneos;
				SWIFT_ACTIVE_COMPILATION_CONDITIONS = DEBUG;
				SWIFT_OPTIMIZATION_LEVEL = "-Onone";
			};
			name = Debug;
		};
		69E5EC162A27877C00BF3145 /* Release */ = {
			isa = XCBuildConfiguration;
			buildSettings = {
				ALWAYS_SEARCH_USER_PATHS = NO;
				CLANG_ANALYZER_NONNULL = YES;
				CLANG_ANALYZER_NUMBER_OBJECT_CONVERSION = YES_AGGRESSIVE;
				CLANG_CXX_LANGUAGE_STANDARD = "gnu++20";
				CLANG_ENABLE_MODULES = YES;
				CLANG_ENABLE_OBJC_ARC = YES;
				CLANG_ENABLE_OBJC_WEAK = YES;
				CLANG_WARN_BLOCK_CAPTURE_AUTORELEASING = YES;
				CLANG_WARN_BOOL_CONVERSION = YES;
				CLANG_WARN_COMMA = YES;
				CLANG_WARN_CONSTANT_CONVERSION = YES;
				CLANG_WARN_DEPRECATED_OBJC_IMPLEMENTATIONS = YES;
				CLANG_WARN_DIRECT_OBJC_ISA_USAGE = YES_ERROR;
				CLANG_WARN_DOCUMENTATION_COMMENTS = YES;
				CLANG_WARN_EMPTY_BODY = YES;
				CLANG_WARN_ENUM_CONVERSION = YES;
				CLANG_WARN_INFINITE_RECURSION = YES;
				CLANG_WARN_INT_CONVERSION = YES;
				CLANG_WARN_NON_LITERAL_NULL_CONVERSION = YES;
				CLANG_WARN_OBJC_IMPLICIT_RETAIN_SELF = YES;
				CLANG_WARN_OBJC_LITERAL_CONVERSION = YES;
				CLANG_WARN_OBJC_ROOT_CLASS = YES_ERROR;
				CLANG_WARN_QUOTED_INCLUDE_IN_FRAMEWORK_HEADER = YES;
				CLANG_WARN_RANGE_LOOP_ANALYSIS = YES;
				CLANG_WARN_STRICT_PROTOTYPES = YES;
				CLANG_WARN_SUSPICIOUS_MOVE = YES;
				CLANG_WARN_UNGUARDED_AVAILABILITY = YES_AGGRESSIVE;
				CLANG_WARN_UNREACHABLE_CODE = YES;
				CLANG_WARN__DUPLICATE_METHOD_MATCH = YES;
				COPY_PHASE_STRIP = NO;
				DEBUG_INFORMATION_FORMAT = "dwarf-with-dsym";
				ENABLE_NS_ASSERTIONS = NO;
				ENABLE_STRICT_OBJC_MSGSEND = YES;
				GCC_C_LANGUAGE_STANDARD = gnu11;
				GCC_NO_COMMON_BLOCKS = YES;
				GCC_WARN_64_TO_32_BIT_CONVERSION = YES;
				GCC_WARN_ABOUT_RETURN_TYPE = YES_ERROR;
				GCC_WARN_UNDECLARED_SELECTOR = YES;
				GCC_WARN_UNINITIALIZED_AUTOS = YES_AGGRESSIVE;
				GCC_WARN_UNUSED_FUNCTION = YES;
				GCC_WARN_UNUSED_VARIABLE = YES;
				IPHONEOS_DEPLOYMENT_TARGET = 16.4;
				MTL_ENABLE_DEBUG_INFO = NO;
				MTL_FAST_MATH = YES;
				SDKROOT = iphoneos;
				SWIFT_COMPILATION_MODE = wholemodule;
				SWIFT_OPTIMIZATION_LEVEL = "-O";
				VALIDATE_PRODUCT = YES;
			};
			name = Release;
		};
		69E5EC182A27877C00BF3145 /* Debug */ = {
			isa = XCBuildConfiguration;
			buildSettings = {
				ASSETCATALOG_COMPILER_APPICON_NAME = AppIcon;
				ASSETCATALOG_COMPILER_GLOBAL_ACCENT_COLOR_NAME = AccentColor;
				CODE_SIGN_STYLE = Automatic;
				CURRENT_PROJECT_VERSION = 1;
				DEVELOPMENT_ASSET_PATHS = "\"act3/Preview Content\"";
				DEVELOPMENT_TEAM = RXP67AQN3R;
				ENABLE_PREVIEWS = YES;
				GENERATE_INFOPLIST_FILE = YES;
				INFOPLIST_KEY_UIApplicationSceneManifest_Generation = YES;
				INFOPLIST_KEY_UIApplicationSupportsIndirectInputEvents = YES;
				INFOPLIST_KEY_UILaunchScreen_Generation = YES;
				INFOPLIST_KEY_UISupportedInterfaceOrientations_iPad = "UIInterfaceOrientationPortrait UIInterfaceOrientationPortraitUpsideDown UIInterfaceOrientationLandscapeLeft UIInterfaceOrientationLandscapeRight";
				INFOPLIST_KEY_UISupportedInterfaceOrientations_iPhone = "UIInterfaceOrientationPortrait UIInterfaceOrientationLandscapeLeft UIInterfaceOrientationLandscapeRight";
				LD_RUNPATH_SEARCH_PATHS = (
					"$(inherited)",
					"@executable_path/Frameworks",
				);
				MARKETING_VERSION = 1.0;
				PRODUCT_BUNDLE_IDENTIFIER = com.jay.act3;
				PRODUCT_NAME = "$(TARGET_NAME)";
				SWIFT_EMIT_LOC_STRINGS = YES;
				SWIFT_VERSION = 5.0;
				TARGETED_DEVICE_FAMILY = "1,2";
			};
			name = Debug;
		};
		69E5EC192A27877C00BF3145 /* Release */ = {
			isa = XCBuildConfiguration;
			buildSettings = {
				ASSETCATALOG_COMPILER_APPICON_NAME = AppIcon;
				ASSETCATALOG_COMPILER_GLOBAL_ACCENT_COLOR_NAME = AccentColor;
				CODE_SIGN_STYLE = Automatic;
				CURRENT_PROJECT_VERSION = 1;
				DEVELOPMENT_ASSET_PATHS = "\"act3/Preview Content\"";
				DEVELOPMENT_TEAM = RXP67AQN3R;
				ENABLE_PREVIEWS = YES;
				GENERATE_INFOPLIST_FILE = YES;
				INFOPLIST_KEY_UIApplicationSceneManifest_Generation = YES;
				INFOPLIST_KEY_UIApplicationSupportsIndirectInputEvents = YES;
				INFOPLIST_KEY_UILaunchScreen_Generation = YES;
				INFOPLIST_KEY_UISupportedInterfaceOrientations_iPad = "UIInterfaceOrientationPortrait UIInterfaceOrientationPortraitUpsideDown UIInterfaceOrientationLandscapeLeft UIInterfaceOrientationLandscapeRight";
				INFOPLIST_KEY_UISupportedInterfaceOrientations_iPhone = "UIInterfaceOrientationPortrait UIInterfaceOrientationLandscapeLeft UIInterfaceOrientationLandscapeRight";
				LD_RUNPATH_SEARCH_PATHS = (
					"$(inherited)",
					"@executable_path/Frameworks",
				);
				MARKETING_VERSION = 1.0;
				PRODUCT_BUNDLE_IDENTIFIER = com.jay.act3;
				PRODUCT_NAME = "$(TARGET_NAME)";
				SWIFT_EMIT_LOC_STRINGS = YES;
				SWIFT_VERSION = 5.0;
				TARGETED_DEVICE_FAMILY = "1,2";
			};
			name = Release;
		};
		69E5EC1B2A27877C00BF3145 /* Debug */ = {
			isa = XCBuildConfiguration;
			buildSettings = {
				ALWAYS_EMBED_SWIFT_STANDARD_LIBRARIES = YES;
				BUNDLE_LOADER = "$(TEST_HOST)";
				CODE_SIGN_STYLE = Automatic;
				CURRENT_PROJECT_VERSION = 1;
				DEVELOPMENT_TEAM = RXP67AQN3R;
				GENERATE_INFOPLIST_FILE = YES;
				IPHONEOS_DEPLOYMENT_TARGET = 16.4;
				MARKETING_VERSION = 1.0;
				PRODUCT_BUNDLE_IDENTIFIER = com.jay.act3Tests;
				PRODUCT_NAME = "$(TARGET_NAME)";
				SWIFT_EMIT_LOC_STRINGS = NO;
				SWIFT_VERSION = 5.0;
				TARGETED_DEVICE_FAMILY = "1,2";
				TEST_HOST = "$(BUILT_PRODUCTS_DIR)/act3.app/$(BUNDLE_EXECUTABLE_FOLDER_PATH)/act3";
			};
			name = Debug;
		};
		69E5EC1C2A27877C00BF3145 /* Release */ = {
			isa = XCBuildConfiguration;
			buildSettings = {
				ALWAYS_EMBED_SWIFT_STANDARD_LIBRARIES = YES;
				BUNDLE_LOADER = "$(TEST_HOST)";
				CODE_SIGN_STYLE = Automatic;
				CURRENT_PROJECT_VERSION = 1;
				DEVELOPMENT_TEAM = RXP67AQN3R;
				GENERATE_INFOPLIST_FILE = YES;
				IPHONEOS_DEPLOYMENT_TARGET = 16.4;
				MARKETING_VERSION = 1.0;
				PRODUCT_BUNDLE_IDENTIFIER = com.jay.act3Tests;
				PRODUCT_NAME = "$(TARGET_NAME)";
				SWIFT_EMIT_LOC_STRINGS = NO;
				SWIFT_VERSION = 5.0;
				TARGETED_DEVICE_FAMILY = "1,2";
				TEST_HOST = "$(BUILT_PRODUCTS_DIR)/act3.app/$(BUNDLE_EXECUTABLE_FOLDER_PATH)/act3";
			};
			name = Release;
		};
		69E5EC1E2A27877C00BF3145 /* Debug */ = {
			isa = XCBuildConfiguration;
			buildSettings = {
				ALWAYS_EMBED_SWIFT_STANDARD_LIBRARIES = YES;
				CODE_SIGN_STYLE = Automatic;
				CURRENT_PROJECT_VERSION = 1;
				DEVELOPMENT_TEAM = RXP67AQN3R;
				GENERATE_INFOPLIST_FILE = YES;
				MARKETING_VERSION = 1.0;
				PRODUCT_BUNDLE_IDENTIFIER = com.jay.act3UITests;
				PRODUCT_NAME = "$(TARGET_NAME)";
				SWIFT_EMIT_LOC_STRINGS = NO;
				SWIFT_VERSION = 5.0;
				TARGETED_DEVICE_FAMILY = "1,2";
				TEST_TARGET_NAME = act3;
			};
			name = Debug;
		};
		69E5EC1F2A27877C00BF3145 /* Release */ = {
			isa = XCBuildConfiguration;
			buildSettings = {
				ALWAYS_EMBED_SWIFT_STANDARD_LIBRARIES = YES;
				CODE_SIGN_STYLE = Automatic;
				CURRENT_PROJECT_VERSION = 1;
				DEVELOPMENT_TEAM = RXP67AQN3R;
				GENERATE_INFOPLIST_FILE = YES;
				MARKETING_VERSION = 1.0;
				PRODUCT_BUNDLE_IDENTIFIER = com.jay.act3UITests;
				PRODUCT_NAME = "$(TARGET_NAME)";
				SWIFT_EMIT_LOC_STRINGS = NO;
				SWIFT_VERSION = 5.0;
				TARGETED_DEVICE_FAMILY = "1,2";
				TEST_TARGET_NAME = act3;
			};
			name = Release;
		};
/* End XCBuildConfiguration section */

/* Begin XCConfigurationList section */
		69E5EBEE2A27877A00BF3145 /* Build configuration list for PBXProject "act3" */ = {
			isa = XCConfigurationList;
			buildConfigurations = (
				69E5EC152A27877C00BF3145 /* Debug */,
				69E5EC162A27877C00BF3145 /* Release */,
			);
			defaultConfigurationIsVisible = 0;
			defaultConfigurationName = Release;
		};
		69E5EC172A27877C00BF3145 /* Build configuration list for PBXNativeTarget "act3" */ = {
			isa = XCConfigurationList;
			buildConfigurations = (
				69E5EC182A27877C00BF3145 /* Debug */,
				69E5EC192A27877C00BF3145 /* Release */,
			);
			defaultConfigurationIsVisible = 0;
			defaultConfigurationName = Release;
		};
		69E5EC1A2A27877C00BF3145 /* Build configuration list for PBXNativeTarget "act3Tests" */ = {
			isa = XCConfigurationList;
			buildConfigurations = (
				69E5EC1B2A27877C00BF3145 /* Debug */,
				69E5EC1C2A27877C00BF3145 /* Release */,
			);
			defaultConfigurationIsVisible = 0;
			defaultConfigurationName = Release;
		};
		69E5EC1D2A27877C00BF3145 /* Build configuration list for PBXNativeTarget "act3UITests" */ = {
			isa = XCConfigurationList;
			buildConfigurations = (
				69E5EC1E2A27877C00BF3145 /* Debug */,
				69E5EC1F2A27877C00BF3145 /* Release */,
			);
			defaultConfigurationIsVisible = 0;
			defaultConfigurationName = Release;
		};
/* End XCConfigurationList section */
	};
	rootObject = 69E5EBEB2A27877A00BF3145 /* Project object */;
}
